Microsoft Visual Studio Solution File, Format Version 12.00
# Visual Studio Version 17
VisualStudioVersion = 17.5.2.0
MinimumVisualStudioVersion = 10.0.40219.1
Project("{FAE04EC0-301F-11D3-BF4B-00C04F79EFBC}") = "FunctionApp", "function\FunctionApp.csproj", "{DB2AEBA8-40AC-D7C4-93F3-5FB94C0A6ABB}"
EndProject
Global
	GlobalSection(SolutionConfigurationPlatforms) = preSolution
		Debug|Any CPU = Debug|Any CPU
		Release|Any CPU = Release|Any CPU
	EndGlobalSection
	GlobalSection(ProjectConfigurationPlatforms) = postSolution
		{DB2AEBA8-40AC-D7C4-93F3-5FB94C0A6ABB}.Debug|Any CPU.ActiveCfg = Debug|Any CPU
		{DB2AEBA8-40AC-D7C4-93F3-5FB94C0A6ABB}.Debug|Any CPU.Build.0 = Debug|Any CPU
		{DB2AEBA8-40AC-D7C4-93F3-5FB94C0A6ABB}.Release|Any CPU.ActiveCfg = Release|Any CPU
		{DB2AEBA8-40AC-D7C4-93F3-5FB94C0A6ABB}.Release|Any CPU.Build.0 = Release|Any CPU
	EndGlobalSection
	GlobalSection(SolutionProperties) = preSolution
		HideSolutionNode = FALSE
	EndGlobalSection
	GlobalSection(ExtensibilityGlobals) = postSolution
		SolutionGuid = {541EBBD1-E3FC-44AA-9C33-A15E78E402FA}
	EndGlobalSection
EndGlobal
